
Microsoft Visual Studio Solution File, Format Version 12.00
# Visual Studio Version 16
VisualStudioVersion = 16.0.31702.278
MinimumVisualStudioVersion = 10.0.40219.1
Project("{FAE04EC0-301F-11D3-BF4B-00C04F79EFBC}") = "ToDoList", "ToDoList\ToDoList.csproj", "{91C6ADA0-4CF1-4680-9690-9F2735499D08}"
EndProject
Global
	GlobalSection(SolutionConfigurationPlatforms) = preSolution
		Debug|Any CPU = Debug|Any CPU
		Release|Any CPU = Release|Any CPU
	EndGlobalSection
	GlobalSection(ProjectConfigurationPlatforms) = postSolution
		{91C6ADA0-4CF1-4680-9690-9F2735499D08}.Debug|Any CPU.ActiveCfg = Debug|Any CPU
		{91C6ADA0-4CF1-4680-9690-9F2735499D08}.Debug|Any CPU.Build.0 = Debug|Any CPU
		{91C6ADA0-4CF1-4680-9690-9F2735499D08}.Release|Any CPU.ActiveCfg = Release|Any CPU
		{91C6ADA0-4CF1-4680-9690-9F2735499D08}.Release|Any CPU.Build.0 = Release|Any CPU
	EndGlobalSection
	GlobalSection(SolutionProperties) = preSolution
		HideSolutionNode = FALSE
	EndGlobalSection
	GlobalSection(ExtensibilityGlobals) = postSolution
		SolutionGuid = {B13E6090-D903-466D-BFB1-83B8224DA839}
	EndGlobalSection
EndGlobal
