
Microsoft Visual Studio Solution File, Format Version 12.00
# Visual Studio Version 16
VisualStudioVersion = 16.0.31702.278
MinimumVisualStudioVersion = 10.0.40219.1
Project("{9A19103F-16F7-4668-BE54-9A1E7A4F7556}") = "ToDoList", "ToDoList\ToDoList.csproj", "{91C6ADA0-4CF1-4680-9690-9F2735499D08}"
EndProject
Project("{FAE04EC0-301F-11D3-BF4B-00C04F79EFBC}") = "Business", "Business\Business.csproj", "{C2B93775-7938-4150-99F8-67AFB74A396C}"
EndProject
Project("{FAE04EC0-301F-11D3-BF4B-00C04F79EFBC}") = "DataAccess", "DataAccess\DataAccess.csproj", "{C328FF87-8059-4E1A-86D8-6084348466AC}"
EndProject
Project("{FAE04EC0-301F-11D3-BF4B-00C04F79EFBC}") = "Entities", "Entities\Entities.csproj", "{D7645D63-D4D2-4008-8FDD-F37DE60D846F}"
EndProject
Project("{FAE04EC0-301F-11D3-BF4B-00C04F79EFBC}") = "Core", "Core\Core.csproj", "{AC36773C-7D82-4C6B-934C-98C4DA6F6DA9}"
EndProject
Global
	GlobalSection(SolutionConfigurationPlatforms) = preSolution
		Debug|Any CPU = Debug|Any CPU
		Release|Any CPU = Release|Any CPU
	EndGlobalSection
	GlobalSection(ProjectConfigurationPlatforms) = postSolution
		{91C6ADA0-4CF1-4680-9690-9F2735499D08}.Debug|Any CPU.ActiveCfg = Debug|Any CPU
		{91C6ADA0-4CF1-4680-9690-9F2735499D08}.Debug|Any CPU.Build.0 = Debug|Any CPU
		{91C6ADA0-4CF1-4680-9690-9F2735499D08}.Release|Any CPU.ActiveCfg = Release|Any CPU
		{91C6ADA0-4CF1-4680-9690-9F2735499D08}.Release|Any CPU.Build.0 = Release|Any CPU
		{C2B93775-7938-4150-99F8-67AFB74A396C}.Debug|Any CPU.ActiveCfg = Debug|Any CPU
		{C2B93775-7938-4150-99F8-67AFB74A396C}.Debug|Any CPU.Build.0 = Debug|Any CPU
		{C2B93775-7938-4150-99F8-67AFB74A396C}.Release|Any CPU.ActiveCfg = Release|Any CPU
		{C2B93775-7938-4150-99F8-67AFB74A396C}.Release|Any CPU.Build.0 = Release|Any CPU
		{C328FF87-8059-4E1A-86D8-6084348466AC}.Debug|Any CPU.ActiveCfg = Debug|Any CPU
		{C328FF87-8059-4E1A-86D8-6084348466AC}.Debug|Any CPU.Build.0 = Debug|Any CPU
		{C328FF87-8059-4E1A-86D8-6084348466AC}.Release|Any CPU.ActiveCfg = Release|Any CPU
		{C328FF87-8059-4E1A-86D8-6084348466AC}.Release|Any CPU.Build.0 = Release|Any CPU
		{D7645D63-D4D2-4008-8FDD-F37DE60D846F}.Debug|Any CPU.ActiveCfg = Debug|Any CPU
		{D7645D63-D4D2-4008-8FDD-F37DE60D846F}.Debug|Any CPU.Build.0 = Debug|Any CPU
		{D7645D63-D4D2-4008-8FDD-F37DE60D846F}.Release|Any CPU.ActiveCfg = Release|Any CPU
		{D7645D63-D4D2-4008-8FDD-F37DE60D846F}.Release|Any CPU.Build.0 = Release|Any CPU
		{AC36773C-7D82-4C6B-934C-98C4DA6F6DA9}.Debug|Any CPU.ActiveCfg = Debug|Any CPU
		{AC36773C-7D82-4C6B-934C-98C4DA6F6DA9}.Debug|Any CPU.Build.0 = Debug|Any CPU
		{AC36773C-7D82-4C6B-934C-98C4DA6F6DA9}.Release|Any CPU.ActiveCfg = Release|Any CPU
		{AC36773C-7D82-4C6B-934C-98C4DA6F6DA9}.Release|Any CPU.Build.0 = Release|Any CPU
	EndGlobalSection
	GlobalSection(SolutionProperties) = preSolution
		HideSolutionNode = FALSE
	EndGlobalSection
	GlobalSection(ExtensibilityGlobals) = postSolution
		SolutionGuid = {B13E6090-D903-466D-BFB1-83B8224DA839}
	EndGlobalSection
EndGlobal
